
Microsoft Visual Studio Solution File, Format Version 12.00
Project("{2150E333-8FDC-42A3-9474-1A3956D46DE8}") = "Common", "Common", "{FC5B1DE5-F490-4443-80FA-D44970730EDC}"
EndProject
Project("{FAE04EC0-301F-11D3-BF4B-00C04F79EFBC}") = "McpServer.Domain", "McpServer.Domain\McpServer.Domain.csproj", "{97877EB9-E473-4847-8A0B-B5726A8E88AE}"
EndProject
Project("{FAE04EC0-301F-11D3-BF4B-00C04F79EFBC}") = "McpServer.Infrastructure", "McpServer.Infrastructure\McpServer.Infrastructure.csproj", "{4F07C647-F5AB-41CE-BFF5-423078BA497B}"
EndProject
Project("{FAE04EC0-301F-11D3-BF4B-00C04F79EFBC}") = "McpServer.Application", "McpServer.Application\McpServer.Application.csproj", "{4BAFA963-E7D0-45A0-826C-E703D87503FE}"
EndProject
Project("{FAE04EC0-301F-11D3-BF4B-00C04F79EFBC}") = "McpServer.Tests", "McpServer.Tests\McpServer.Tests.csproj", "{F1876AF2-FEBD-4FDD-9A1B-BC9D555CDD8F}"
EndProject
Project("{FAE04EC0-301F-11D3-BF4B-00C04F79EFBC}") = "McpServer.Presentation", "McpServer.Presentation\McpServer.Presentation.csproj", "{63E54384-705E-42D9-B479-6F5597269AB7}"
EndProject
Global
	GlobalSection(SolutionConfigurationPlatforms) = preSolution
		Debug|Any CPU = Debug|Any CPU
		Release|Any CPU = Release|Any CPU
	EndGlobalSection
	GlobalSection(ProjectConfigurationPlatforms) = postSolution
		{97877EB9-E473-4847-8A0B-B5726A8E88AE}.Debug|Any CPU.ActiveCfg = Debug|Any CPU
		{97877EB9-E473-4847-8A0B-B5726A8E88AE}.Debug|Any CPU.Build.0 = Debug|Any CPU
		{97877EB9-E473-4847-8A0B-B5726A8E88AE}.Release|Any CPU.ActiveCfg = Release|Any CPU
		{97877EB9-E473-4847-8A0B-B5726A8E88AE}.Release|Any CPU.Build.0 = Release|Any CPU
		{4F07C647-F5AB-41CE-BFF5-423078BA497B}.Debug|Any CPU.ActiveCfg = Debug|Any CPU
		{4F07C647-F5AB-41CE-BFF5-423078BA497B}.Debug|Any CPU.Build.0 = Debug|Any CPU
		{4F07C647-F5AB-41CE-BFF5-423078BA497B}.Release|Any CPU.ActiveCfg = Release|Any CPU
		{4F07C647-F5AB-41CE-BFF5-423078BA497B}.Release|Any CPU.Build.0 = Release|Any CPU
		{4BAFA963-E7D0-45A0-826C-E703D87503FE}.Debug|Any CPU.ActiveCfg = Debug|Any CPU
		{4BAFA963-E7D0-45A0-826C-E703D87503FE}.Debug|Any CPU.Build.0 = Debug|Any CPU
		{4BAFA963-E7D0-45A0-826C-E703D87503FE}.Release|Any CPU.ActiveCfg = Release|Any CPU
		{4BAFA963-E7D0-45A0-826C-E703D87503FE}.Release|Any CPU.Build.0 = Release|Any CPU
		{F1876AF2-FEBD-4FDD-9A1B-BC9D555CDD8F}.Debug|Any CPU.ActiveCfg = Debug|Any CPU
		{F1876AF2-FEBD-4FDD-9A1B-BC9D555CDD8F}.Debug|Any CPU.Build.0 = Debug|Any CPU
		{F1876AF2-FEBD-4FDD-9A1B-BC9D555CDD8F}.Release|Any CPU.ActiveCfg = Release|Any CPU
		{F1876AF2-FEBD-4FDD-9A1B-BC9D555CDD8F}.Release|Any CPU.Build.0 = Release|Any CPU
		{63E54384-705E-42D9-B479-6F5597269AB7}.Debug|Any CPU.ActiveCfg = Debug|Any CPU
		{63E54384-705E-42D9-B479-6F5597269AB7}.Debug|Any CPU.Build.0 = Debug|Any CPU
		{63E54384-705E-42D9-B479-6F5597269AB7}.Release|Any CPU.ActiveCfg = Release|Any CPU
		{63E54384-705E-42D9-B479-6F5597269AB7}.Release|Any CPU.Build.0 = Release|Any CPU
	EndGlobalSection
	GlobalSection(NestedProjects) = preSolution
		{97877EB9-E473-4847-8A0B-B5726A8E88AE} = {FC5B1DE5-F490-4443-80FA-D44970730EDC}
		{4F07C647-F5AB-41CE-BFF5-423078BA497B} = {FC5B1DE5-F490-4443-80FA-D44970730EDC}
		{4BAFA963-E7D0-45A0-826C-E703D87503FE} = {FC5B1DE5-F490-4443-80FA-D44970730EDC}
		{F1876AF2-FEBD-4FDD-9A1B-BC9D555CDD8F} = {FC5B1DE5-F490-4443-80FA-D44970730EDC}
	EndGlobalSection
EndGlobal
